{
  "name": "hotel-diplom",
  "lockfileVersion": 2,
  "requires": true,
  "packages": {
    "": {
      "dependencies": {
        "rrd": "^1.0.1"
      }
    },
    "node_modules/rrd": {
      "version": "1.0.1",
      "resolved": "https://registry.npmjs.org/rrd/-/rrd-1.0.1.tgz",
      "integrity": "sha512-o21MLItnOc64ZdMnKADHF430r8+BNCzYAc+bb1mgBNKLq/I2+MmXDs+gw6qFT5TNFFrBsrYthyRgyKXYg1ZWbw==",
      "engines": {
        "node": "*"
      }
    }
  },
  "dependencies": {
    "rrd": {
      "version": "1.0.1",
      "resolved": "https://registry.npmjs.org/rrd/-/rrd-1.0.1.tgz",
      "integrity": "sha512-o21MLItnOc64ZdMnKADHF430r8+BNCzYAc+bb1mgBNKLq/I2+MmXDs+gw6qFT5TNFFrBsrYthyRgyKXYg1ZWbw=="
    }
  }
}
